
Microsoft Visual Studio Solution File, Format Version 12.00
# Visual Studio Version 17
VisualStudioVersion = 17.13.35806.99 d17.13
MinimumVisualStudioVersion = 10.0.40219.1
Project("{FAE04EC0-301F-11D3-BF4B-00C04F79EFBC}") = "triangle", "triangle.csproj", "{7C7FB0C7-68A7-4A46-AC48-AE22147FCA01}"
EndProject
Global
	GlobalSection(SolutionConfigurationPlatforms) = preSolution
		Debug|Any CPU = Debug|Any CPU
		Release|Any CPU = Release|Any CPU
	EndGlobalSection
	GlobalSection(ProjectConfigurationPlatforms) = postSolution
		{7C7FB0C7-68A7-4A46-AC48-AE22147FCA01}.Debug|Any CPU.ActiveCfg = Debug|Any CPU
		{7C7FB0C7-68A7-4A46-AC48-AE22147FCA01}.Debug|Any CPU.Build.0 = Debug|Any CPU
		{7C7FB0C7-68A7-4A46-AC48-AE22147FCA01}.Release|Any CPU.ActiveCfg = Release|Any CPU
		{7C7FB0C7-68A7-4A46-AC48-AE22147FCA01}.Release|Any CPU.Build.0 = Release|Any CPU
	EndGlobalSection
	GlobalSection(SolutionProperties) = preSolution
		HideSolutionNode = FALSE
	EndGlobalSection
	GlobalSection(ExtensibilityGlobals) = postSolution
		SolutionGuid = {D3254A91-9937-4561-8476-DE0AA3745F37}
	EndGlobalSection
EndGlobal
