
Microsoft Visual Studio Solution File, Format Version 12.00
# Visual Studio Version 17
VisualStudioVersion = 17.13.35806.99 d17.13
MinimumVisualStudioVersion = 10.0.40219.1
Project("{FAE04EC0-301F-11D3-BF4B-00C04F79EFBC}") = "ATM", "ATM.csproj", "{767FAE93-D346-4B50-94C1-8916E2D43464}"
EndProject
Global
	GlobalSection(SolutionConfigurationPlatforms) = preSolution
		Debug|Any CPU = Debug|Any CPU
		Release|Any CPU = Release|Any CPU
	EndGlobalSection
	GlobalSection(ProjectConfigurationPlatforms) = postSolution
		{767FAE93-D346-4B50-94C1-8916E2D43464}.Debug|Any CPU.ActiveCfg = Debug|Any CPU
		{767FAE93-D346-4B50-94C1-8916E2D43464}.Debug|Any CPU.Build.0 = Debug|Any CPU
		{767FAE93-D346-4B50-94C1-8916E2D43464}.Release|Any CPU.ActiveCfg = Release|Any CPU
		{767FAE93-D346-4B50-94C1-8916E2D43464}.Release|Any CPU.Build.0 = Release|Any CPU
	EndGlobalSection
	GlobalSection(SolutionProperties) = preSolution
		HideSolutionNode = FALSE
	EndGlobalSection
	GlobalSection(ExtensibilityGlobals) = postSolution
		SolutionGuid = {14A10153-55C5-419C-A067-2F5DC0983E23}
	EndGlobalSection
EndGlobal
